
Microsoft Visual Studio Solution File, Format Version 12.00
# Visual Studio 14
VisualStudioVersion = 14.0.25123.0
MinimumVisualStudioVersion = 10.0.40219.1
Project("{2150E333-8FDC-42A3-9474-1A3956D46DE8}") = "src", "src", "{6B2927CB-ABA2-4E90-B573-5010F5DEAE9B}"
EndProject
Project("{2150E333-8FDC-42A3-9474-1A3956D46DE8}") = "Solution Items", "Solution Items", "{B7EC9764-954F-4F22-A894-021F31155E9D}"
	ProjectSection(SolutionItems) = preProject
		data\eventStore.db = data\eventStore.db
		global.json = global.json
		data\inventory.db = data\inventory.db
	EndProjectSection
EndProject
Project("{8BB2217D-0F2D-49D1-97BC-3654ED321F3B}") = "OxHack.Inventory.Query", "src\OxHack.Inventory.Query\OxHack.Inventory.Query.xproj", "{B9A0964A-FC27-44CF-A1E9-C39FA71E328B}"
EndProject
Project("{8BB2217D-0F2D-49D1-97BC-3654ED321F3B}") = "OxHack.Inventory.Query.Sqlite", "src\OxHack.Inventory.Query.Sqlite\OxHack.Inventory.Query.Sqlite.xproj", "{6229CF1D-A6AE-41A4-850F-F89F0DB887A0}"
EndProject
Project("{8BB2217D-0F2D-49D1-97BC-3654ED321F3B}") = "OxHack.Inventory.Services", "src\OxHack.Inventory.Services\OxHack.Inventory.Services.xproj", "{42B06FFB-9BBE-465D-A9CD-820CFC7296C8}"
EndProject
Project("{8BB2217D-0F2D-49D1-97BC-3654ED321F3B}") = "OxHack.Inventory.Web", "src\OxHack.Inventory.Web\OxHack.Inventory.Web.xproj", "{E2F7E40C-5D67-4ADE-9F64-96114C1832D4}"
EndProject
Project("{8BB2217D-0F2D-49D1-97BC-3654ED321F3B}") = "OxHack.Inventory.Command", "src\OxHack.Inventory.Command\OxHack.Inventory.Command.xproj", "{9AA5F1E4-5AC6-43DD-8EC7-639BCE058856}"
EndProject
Project("{8BB2217D-0F2D-49D1-97BC-3654ED321F3B}") = "OxHack.Inventory.Cqrs", "src\OxHack.Inventory.Cqrs\OxHack.Inventory.Cqrs.xproj", "{E95B36C1-4BE1-4269-9147-57B73235FCB6}"
EndProject
Project("{8BB2217D-0F2D-49D1-97BC-3654ED321F3B}") = "OxHack.Inventory.EventStore", "src\OxHack.Inventory.EventStore\OxHack.Inventory.EventStore.xproj", "{AFD44A83-050E-4F26-86AD-414B058C9132}"
EndProject
Global
	GlobalSection(SolutionConfigurationPlatforms) = preSolution
		Debug|Any CPU = Debug|Any CPU
		Release|Any CPU = Release|Any CPU
	EndGlobalSection
	GlobalSection(ProjectConfigurationPlatforms) = postSolution
		{B9A0964A-FC27-44CF-A1E9-C39FA71E328B}.Debug|Any CPU.ActiveCfg = Debug|Any CPU
		{B9A0964A-FC27-44CF-A1E9-C39FA71E328B}.Debug|Any CPU.Build.0 = Debug|Any CPU
		{B9A0964A-FC27-44CF-A1E9-C39FA71E328B}.Release|Any CPU.ActiveCfg = Release|Any CPU
		{B9A0964A-FC27-44CF-A1E9-C39FA71E328B}.Release|Any CPU.Build.0 = Release|Any CPU
		{6229CF1D-A6AE-41A4-850F-F89F0DB887A0}.Debug|Any CPU.ActiveCfg = Debug|Any CPU
		{6229CF1D-A6AE-41A4-850F-F89F0DB887A0}.Debug|Any CPU.Build.0 = Debug|Any CPU
		{6229CF1D-A6AE-41A4-850F-F89F0DB887A0}.Release|Any CPU.ActiveCfg = Release|Any CPU
		{6229CF1D-A6AE-41A4-850F-F89F0DB887A0}.Release|Any CPU.Build.0 = Release|Any CPU
		{42B06FFB-9BBE-465D-A9CD-820CFC7296C8}.Debug|Any CPU.ActiveCfg = Debug|Any CPU
		{42B06FFB-9BBE-465D-A9CD-820CFC7296C8}.Debug|Any CPU.Build.0 = Debug|Any CPU
		{42B06FFB-9BBE-465D-A9CD-820CFC7296C8}.Release|Any CPU.ActiveCfg = Release|Any CPU
		{42B06FFB-9BBE-465D-A9CD-820CFC7296C8}.Release|Any CPU.Build.0 = Release|Any CPU
		{E2F7E40C-5D67-4ADE-9F64-96114C1832D4}.Debug|Any CPU.ActiveCfg = Debug|Any CPU
		{E2F7E40C-5D67-4ADE-9F64-96114C1832D4}.Debug|Any CPU.Build.0 = Debug|Any CPU
		{E2F7E40C-5D67-4ADE-9F64-96114C1832D4}.Release|Any CPU.ActiveCfg = Release|Any CPU
		{E2F7E40C-5D67-4ADE-9F64-96114C1832D4}.Release|Any CPU.Build.0 = Release|Any CPU
		{9AA5F1E4-5AC6-43DD-8EC7-639BCE058856}.Debug|Any CPU.ActiveCfg = Debug|Any CPU
		{9AA5F1E4-5AC6-43DD-8EC7-639BCE058856}.Debug|Any CPU.Build.0 = Debug|Any CPU
		{9AA5F1E4-5AC6-43DD-8EC7-639BCE058856}.Release|Any CPU.ActiveCfg = Release|Any CPU
		{9AA5F1E4-5AC6-43DD-8EC7-639BCE058856}.Release|Any CPU.Build.0 = Release|Any CPU
		{E95B36C1-4BE1-4269-9147-57B73235FCB6}.Debug|Any CPU.ActiveCfg = Debug|Any CPU
		{E95B36C1-4BE1-4269-9147-57B73235FCB6}.Debug|Any CPU.Build.0 = Debug|Any CPU
		{E95B36C1-4BE1-4269-9147-57B73235FCB6}.Release|Any CPU.ActiveCfg = Release|Any CPU
		{E95B36C1-4BE1-4269-9147-57B73235FCB6}.Release|Any CPU.Build.0 = Release|Any CPU
		{AFD44A83-050E-4F26-86AD-414B058C9132}.Debug|Any CPU.ActiveCfg = Debug|Any CPU
		{AFD44A83-050E-4F26-86AD-414B058C9132}.Debug|Any CPU.Build.0 = Debug|Any CPU
		{AFD44A83-050E-4F26-86AD-414B058C9132}.Release|Any CPU.ActiveCfg = Release|Any CPU
		{AFD44A83-050E-4F26-86AD-414B058C9132}.Release|Any CPU.Build.0 = Release|Any CPU
	EndGlobalSection
	GlobalSection(SolutionProperties) = preSolution
		HideSolutionNode = FALSE
	EndGlobalSection
	GlobalSection(NestedProjects) = preSolution
		{B9A0964A-FC27-44CF-A1E9-C39FA71E328B} = {6B2927CB-ABA2-4E90-B573-5010F5DEAE9B}
		{6229CF1D-A6AE-41A4-850F-F89F0DB887A0} = {6B2927CB-ABA2-4E90-B573-5010F5DEAE9B}
		{42B06FFB-9BBE-465D-A9CD-820CFC7296C8} = {6B2927CB-ABA2-4E90-B573-5010F5DEAE9B}
		{E2F7E40C-5D67-4ADE-9F64-96114C1832D4} = {6B2927CB-ABA2-4E90-B573-5010F5DEAE9B}
		{9AA5F1E4-5AC6-43DD-8EC7-639BCE058856} = {6B2927CB-ABA2-4E90-B573-5010F5DEAE9B}
		{E95B36C1-4BE1-4269-9147-57B73235FCB6} = {6B2927CB-ABA2-4E90-B573-5010F5DEAE9B}
		{AFD44A83-050E-4F26-86AD-414B058C9132} = {6B2927CB-ABA2-4E90-B573-5010F5DEAE9B}
	EndGlobalSection
EndGlobal
